// !$*UTF8*$!
{
	archiveVersion = 1;
	classes = {
	};
	objectVersion = 46;
	objects = {

/* Begin PBXBuildFile section */
		42294C771942C38E00A82F01 /* AppDelegate.swift in Sources */ = {isa = PBXBuildFile; fileRef = 42294C761942C38E00A82F01 /* AppDelegate.swift */; };
		42294C791942C38E00A82F01 /* ViewController.swift in Sources */ = {isa = PBXBuildFile; fileRef = 42294C781942C38E00A82F01 /* ViewController.swift */; };
		42294C7C1942C38E00A82F01 /* Main.storyboard in Resources */ = {isa = PBXBuildFile; fileRef = 42294C7A1942C38E00A82F01 /* Main.storyboard */; };
		42294C7E1942C38E00A82F01 /* Images.xcassets in Resources */ = {isa = PBXBuildFile; fileRef = 42294C7D1942C38E00A82F01 /* Images.xcassets */; };
		42294C8A1942C38E00A82F01 /* HoroscopeTests.swift in Sources */ = {isa = PBXBuildFile; fileRef = 42294C891942C38E00A82F01 /* HoroscopeTests.swift */; };
/* End PBXBuildFile section */

/* Begin PBXContainerItemProxy section */
		42294C841942C38E00A82F01 /* PBXContainerItemProxy */ = {
			isa = PBXContainerItemProxy;
			containerPortal = 42294C691942C38E00A82F01 /* Project object */;
			proxyType = 1;
			remoteGlobalIDString = 42294C701942C38E00A82F01;
			remoteInfo = Horoscope;
		};
/* End PBXContainerItemProxy section */

/* Begin PBXFileReference section */
		42294C711942C38E00A82F01 /* Horoscope_Swift.app */ = {isa = PBXFileReference; explicitFileType = wrapper.application; includeInIndex = 0; path = Horoscope_Swift.app; sourceTree = BUILT_PRODUCTS_DIR; };
		42294C751942C38E00A82F01 /* Info.plist */ = {isa = PBXFileReference; lastKnownFileType = text.plist.xml; path = Info.plist; sourceTree = "<group>"; };
		42294C761942C38E00A82F01 /* AppDelegate.swift */ = {isa = PBXFileReference; lastKnownFileType = sourcecode.swift; path = AppDelegate.swift; sourceTree = "<group>"; };
		42294C781942C38E00A82F01 /* ViewController.swift */ = {isa = PBXFileReference; lastKnownFileType = sourcecode.swift; path = ViewController.swift; sourceTree = "<group>"; };
		42294C7B1942C38E00A82F01 /* Base */ = {isa = PBXFileReference; lastKnownFileType = file.storyboard; name = Base; path = Base.lproj/Main.storyboard; sourceTree = "<group>"; };
		42294C7D1942C38E00A82F01 /* Images.xcassets */ = {isa = PBXFileReference; lastKnownFileType = folder.assetcatalog; path = Images.xcassets; sourceTree = "<group>"; };
		42294C831942C38E00A82F01 /* Horoscope_SwiftTests.xctest */ = {isa = PBXFileReference; explicitFileType = wrapper.cfbundle; includeInIndex = 0; path = Horoscope_SwiftTests.xctest; sourceTree = BUILT_PRODUCTS_DIR; };
		42294C881942C38E00A82F01 /* Info.plist */ = {isa = PBXFileReference; lastKnownFileType = text.plist.xml; path = Info.plist; sourceTree = "<group>"; };
		42294C891942C38E00A82F01 /* HoroscopeTests.swift */ = {isa = PBXFileReference; lastKnownFileType = sourcecode.swift; path = HoroscopeTests.swift; sourceTree = "<group>"; };
/* End PBXFileReference section */

/* Begin PBXFrameworksBuildPhase section */
		42294C6E1942C38E00A82F01 /* Frameworks */ = {
			isa = PBXFrameworksBuildPhase;
			buildActionMask = 2147483647;
			files = (
			);
			runOnlyForDeploymentPostprocessing = 0;
		};
		42294C801942C38E00A82F01 /* Frameworks */ = {
			isa = PBXFrameworksBuildPhase;
			buildActionMask = 2147483647;
			files = (
			);
			runOnlyForDeploymentPostprocessing = 0;
		};
/* End PBXFrameworksBuildPhase section */

/* Begin PBXGroup section */
		42294C681942C38E00A82F01 = {
			isa = PBXGroup;
			children = (
				42294C731942C38E00A82F01 /* Horoscope */,
				42294C861942C38E00A82F01 /* HoroscopeTests */,
				42294C721942C38E00A82F01 /* Products */,
			);
			sourceTree = "<group>";
		};
		42294C721942C38E00A82F01 /* Products */ = {
			isa = PBXGroup;
			children = (
				42294C711942C38E00A82F01 /* Horoscope_Swift.app */,
				42294C831942C38E00A82F01 /* Horoscope_SwiftTests.xctest */,
			);
			name = Products;
			sourceTree = "<group>";
		};
		42294C731942C38E00A82F01 /* Horoscope */ = {
			isa = PBXGroup;
			children = (
				42294C761942C38E00A82F01 /* AppDelegate.swift */,
				42294C781942C38E00A82F01 /* ViewController.swift */,
				42294C7A1942C38E00A82F01 /* Main.storyboard */,
				42294C7D1942C38E00A82F01 /* Images.xcassets */,
				42294C741942C38E00A82F01 /* Supporting Files */,
			);
			path = Horoscope;
			sourceTree = "<group>";
		};
		42294C741942C38E00A82F01 /* Supporting Files */ = {
			isa = PBXGroup;
			children = (
				42294C751942C38E00A82F01 /* Info.plist */,
			);
			name = "Supporting Files";
			sourceTree = "<group>";
		};
		42294C861942C38E00A82F01 /* HoroscopeTests */ = {
			isa = PBXGroup;
			children = (
				42294C891942C38E00A82F01 /* HoroscopeTests.swift */,
				42294C871942C38E00A82F01 /* Supporting Files */,
			);
			path = HoroscopeTests;
			sourceTree = "<group>";
		};
		42294C871942C38E00A82F01 /* Supporting Files */ = {
			isa = PBXGroup;
			children = (
				42294C881942C38E00A82F01 /* Info.plist */,
			);
			name = "Supporting Files";
			sourceTree = "<group>";
		};
/* End PBXGroup section */

/* Begin PBXNativeTarget section */
		42294C701942C38E00A82F01 /* Horoscope_Swift */ = {
			isa = PBXNativeTarget;
			buildConfigurationList = 42294C8D1942C38F00A82F01 /* Build configuration list for PBXNativeTarget "Horoscope_Swift" */;
			buildPhases = (
				42294C6D1942C38E00A82F01 /* Sources */,
				42294C6E1942C38E00A82F01 /* Frameworks */,
				42294C6F1942C38E00A82F01 /* Resources */,
			);
			buildRules = (
			);
			dependencies = (
			);
			name = Horoscope_Swift;
			productName = Horoscope;
			productReference = 42294C711942C38E00A82F01 /* Horoscope_Swift.app */;
			productType = "com.apple.product-type.application";
		};
		42294C821942C38E00A82F01 /* Horoscope_SwiftTests */ = {
			isa = PBXNativeTarget;
			buildConfigurationList = 42294C901942C38F00A82F01 /* Build configuration list for PBXNativeTarget "Horoscope_SwiftTests" */;
			buildPhases = (
				42294C7F1942C38E00A82F01 /* Sources */,
				42294C801942C38E00A82F01 /* Frameworks */,
				42294C811942C38E00A82F01 /* Resources */,
			);
			buildRules = (
			);
			dependencies = (
				42294C851942C38E00A82F01 /* PBXTargetDependency */,
			);
			name = Horoscope_SwiftTests;
			productName = HoroscopeTests;
			productReference = 42294C831942C38E00A82F01 /* Horoscope_SwiftTests.xctest */;
			productType = "com.apple.product-type.bundle.unit-test";
		};
/* End PBXNativeTarget section */

/* Begin PBXProject section */
		42294C691942C38E00A82F01 /* Project object */ = {
			isa = PBXProject;
			attributes = {
				LastUpgradeCheck = 0600;
				ORGANIZATIONNAME = "MAEDA HAJIME";
				TargetAttributes = {
					42294C701942C38E00A82F01 = {
						CreatedOnToolsVersion = 6.0;
						DevelopmentTeam = 8LGB2FDS7G;
					};
					42294C821942C38E00A82F01 = {
						CreatedOnToolsVersion = 6.0;
						TestTargetID = 42294C701942C38E00A82F01;
					};
				};
			};
			buildConfigurationList = 42294C6C1942C38E00A82F01 /* Build configuration list for PBXProject "Horoscope_Swift" */;
			compatibilityVersion = "Xcode 3.2";
			developmentRegion = English;
			hasScannedForEncodings = 0;
			knownRegions = (
				en,
				Base,
			);
			mainGroup = 42294C681942C38E00A82F01;
			productRefGroup = 42294C721942C38E00A82F01 /* Products */;
			projectDirPath = "";
			projectRoot = "";
			targets = (
				42294C701942C38E00A82F01 /* Horoscope_Swift */,
				42294C821942C38E00A82F01 /* Horoscope_SwiftTests */,
			);
		};
/* End PBXProject section */

/* Begin PBXResourcesBuildPhase section */
		42294C6F1942C38E00A82F01 /* Resources */ = {
			isa = PBXResourcesBuildPhase;
			buildActionMask = 2147483647;
			files = (
				42294C7C1942C38E00A82F01 /* Main.storyboard in Resources */,
				42294C7E1942C38E00A82F01 /* Images.xcassets in Resources */,
			);
			runOnlyForDeploymentPostprocessing = 0;
		};
		42294C811942C38E00A82F01 /* Resources */ = {
			isa = PBXResourcesBuildPhase;
			buildActionMask = 2147483647;
			files = (
			);
			runOnlyForDeploymentPostprocessing = 0;
		};
/* End PBXResourcesBuildPhase section */

/* Begin PBXSourcesBuildPhase section */
		42294C6D1942C38E00A82F01 /* Sources */ = {
			isa = PBXSourcesBuildPhase;
			buildActionMask = 2147483647;
			files = (
				42294C791942C38E00A82F01 /* ViewController.swift in Sources */,
				42294C771942C38E00A82F01 /* AppDelegate.swift in Sources */,
			);
			runOnlyForDeploymentPostprocessing = 0;
		};
		42294C7F1942C38E00A82F01 /* Sources */ = {
			isa = PBXSourcesBuildPhase;
			buildActionMask = 2147483647;
			files = (
				42294C8A1942C38E00A82F01 /* HoroscopeTests.swift in Sources */,
			);
			runOnlyForDeploymentPostprocessing = 0;
		};
/* End PBXSourcesBuildPhase section */

/* Begin PBXTargetDependency section */
		42294C851942C38E00A82F01 /* PBXTargetDependency */ = {
			isa = PBXTargetDependency;
			target = 42294C701942C38E00A82F01 /* Horoscope_Swift */;
			targetProxy = 42294C841942C38E00A82F01 /* PBXContainerItemProxy */;
		};
/* End PBXTargetDependency section */

/* Begin PBXVariantGroup section */
		42294C7A1942C38E00A82F01 /* Main.storyboard */ = {
			isa = PBXVariantGroup;
			children = (
				42294C7B1942C38E00A82F01 /* Base */,
			);
			name = Main.storyboard;
			sourceTree = "<group>";
		};
/* End PBXVariantGroup section */

/* Begin XCBuildConfiguration section */
		42294C8B1942C38F00A82F01 /* Debug */ = {
			isa = XCBuildConfiguration;
			buildSettings = {
				ALWAYS_SEARCH_USER_PATHS = NO;
				CLANG_CXX_LANGUAGE_STANDARD = "gnu++0x";
				CLANG_CXX_LIBRARY = "libc++";
				CLANG_ENABLE_MODULES = YES;
				CLANG_ENABLE_OBJC_ARC = YES;
				CLANG_WARN_BOOL_CONVERSION = YES;
				CLANG_WARN_CONSTANT_CONVERSION = YES;
				CLANG_WARN_DIRECT_OBJC_ISA_USAGE = YES_ERROR;
				CLANG_WARN_EMPTY_BODY = YES;
				CLANG_WARN_ENUM_CONVERSION = YES;
				CLANG_WARN_INT_CONVERSION = YES;
				CLANG_WARN_OBJC_ROOT_CLASS = YES_ERROR;
				CLANG_WARN_UNREACHABLE_CODE = YES;
				CLANG_WARN__DUPLICATE_METHOD_MATCH = YES;
				"CODE_SIGN_IDENTITY[sdk=iphoneos*]" = "iPhone Developer";
				COPY_PHASE_STRIP = NO;
				ENABLE_STRICT_OBJC_MSGSEND = YES;
				GCC_C_LANGUAGE_STANDARD = gnu99;
				GCC_DYNAMIC_NO_PIC = NO;
				GCC_OPTIMIZATION_LEVEL = 0;
				GCC_PREPROCESSOR_DEFINITIONS = (
					"DEBUG=1",
					"$(inherited)",
				);
				GCC_SYMBOLS_PRIVATE_EXTERN = NO;
				GCC_WARN_64_TO_32_BIT_CONVERSION = YES;
				GCC_WARN_ABOUT_RETURN_TYPE = YES_ERROR;
				GCC_WARN_UNDECLARED_SELECTOR = YES;
				GCC_WARN_UNINITIALIZED_AUTOS = YES_AGGRESSIVE;
				GCC_WARN_UNUSED_FUNCTION = YES;
				GCC_WARN_UNUSED_VARIABLE = YES;
				IPHONEOS_DEPLOYMENT_TARGET = 7.1;
				METAL_ENABLE_DEBUG_INFO = YES;
				ONLY_ACTIVE_ARCH = YES;
				SDKROOT = iphoneos;
				SWIFT_OPTIMIZATION_LEVEL = "-Onone";
			};
			name = Debug;
		};
		42294C8C1942C38F00A82F01 /* Release */ = {
			isa = XCBuildConfiguration;
			buildSettings = {
				ALWAYS_SEARCH_USER_PATHS = NO;
				CLANG_CXX_LANGUAGE_STANDARD = "gnu++0x";
				CLANG_CXX_LIBRARY = "libc++";
				CLANG_ENABLE_MODULES = YES;
				CLANG_ENABLE_OBJC_ARC = YES;
				CLANG_WARN_BOOL_CONVERSION = YES;
				CLANG_WARN_CONSTANT_CONVERSION = YES;
				CLANG_WARN_DIRECT_OBJC_ISA_USAGE = YES_ERROR;
				CLANG_WARN_EMPTY_BODY = YES;
				CLANG_WARN_ENUM_CONVERSION = YES;
				CLANG_WARN_INT_CONVERSION = YES;
				CLANG_WARN_OBJC_ROOT_CLASS = YES_ERROR;
				CLANG_WARN_UNREACHABLE_CODE = YES;
				CLANG_WARN__DUPLICATE_METHOD_MATCH = YES;
				"CODE_SIGN_IDENTITY[sdk=iphoneos*]" = "iPhone Developer";
				COPY_PHASE_STRIP = YES;
				ENABLE_NS_ASSERTIONS = NO;
				ENABLE_STRICT_OBJC_MSGSEND = YES;
				GCC_C_LANGUAGE_STANDARD = gnu99;
				GCC_WARN_64_TO_32_BIT_CONVERSION = YES;
				GCC_WARN_ABOUT_RETURN_TYPE = YES_ERROR;
				GCC_WARN_UNDECLARED_SELECTOR = YES;
				GCC_WARN_UNINITIALIZED_AUTOS = YES_AGGRESSIVE;
				GCC_WARN_UNUSED_FUNCTION = YES;
				GCC_WARN_UNUSED_VARIABLE = YES;
				IPHONEOS_DEPLOYMENT_TARGET = 7.1;
				METAL_ENABLE_DEBUG_INFO = NO;
				SDKROOT = iphoneos;
				VALIDATE_PRODUCT = YES;
			};
			name = Release;
		};
		42294C8E1942C38F00A82F01 /* Debug */ = {
			isa = XCBuildConfiguration;
			buildSettings = {
				ASSETCATALOG_COMPILER_APPICON_NAME = AppIcon;
				ASSETCATALOG_COMPILER_LAUNCHIMAGE_NAME = LaunchImage;
				CODE_SIGN_IDENTITY = "iPhone Developer";
				"CODE_SIGN_IDENTITY[sdk=iphoneos*]" = "iPhone Developer";
				INFOPLIST_FILE = Horoscope/Info.plist;
				IPHONEOS_DEPLOYMENT_TARGET = 7.1;
				LD_RUNPATH_SEARCH_PATHS = "$(inherited) @executable_path/Frameworks";
				PRODUCT_NAME = Horoscope_Swift;
				PROVISIONING_PROFILE = "";
			};
			name = Debug;
		};
		42294C8F1942C38F00A82F01 /* Release */ = {
			isa = XCBuildConfiguration;
			buildSettings = {
				ASSETCATALOG_COMPILER_APPICON_NAME = AppIcon;
				ASSETCATALOG_COMPILER_LAUNCHIMAGE_NAME = LaunchImage;
				CODE_SIGN_IDENTITY = "iPhone Developer";
				"CODE_SIGN_IDENTITY[sdk=iphoneos*]" = "iPhone Developer";
				INFOPLIST_FILE = Horoscope/Info.plist;
				IPHONEOS_DEPLOYMENT_TARGET = 7.1;
				LD_RUNPATH_SEARCH_PATHS = "$(inherited) @executable_path/Frameworks";
				PRODUCT_NAME = Horoscope_Swift;
				PROVISIONING_PROFILE = "";
			};
			name = Release;
		};
		42294C911942C38F00A82F01 /* Debug */ = {
			isa = XCBuildConfiguration;
			buildSettings = {
				BUNDLE_LOADER = "$(BUILT_PRODUCTS_DIR)/Horoscope.app/Horoscope";
				FRAMEWORK_SEARCH_PATHS = (
					"$(SDKROOT)/Developer/Library/Frameworks",
					"$(inherited)",
				);
				GCC_PREPROCESSOR_DEFINITIONS = (
					"DEBUG=1",
					"$(inherited)",
				);
				INFOPLIST_FILE = HoroscopeTests/Info.plist;
				LD_RUNPATH_SEARCH_PATHS = "$(inherited) @executable_path/Frameworks @loader_path/Frameworks";
				METAL_ENABLE_DEBUG_INFO = YES;
				PRODUCT_NAME = Horoscope_SwiftTests;
				TEST_HOST = "$(BUNDLE_LOADER)";
			};
			name = Debug;
		};
		42294C921942C38F00A82F01 /* Release */ = {
			isa = XCBuildConfiguration;
			buildSettings = {
				BUNDLE_LOADER = "$(BUILT_PRODUCTS_DIR)/Horoscope.app/Horoscope";
				FRAMEWORK_SEARCH_PATHS = (
					"$(SDKROOT)/Developer/Library/Frameworks",
					"$(inherited)",
				);
				INFOPLIST_FILE = HoroscopeTests/Info.plist;
				LD_RUNPATH_SEARCH_PATHS = "$(inherited) @executable_path/Frameworks @loader_path/Frameworks";
				METAL_ENABLE_DEBUG_INFO = NO;
				PRODUCT_NAME = Horoscope_SwiftTests;
				TEST_HOST = "$(BUNDLE_LOADER)";
			};
			name = Release;
		};
/* End XCBuildConfiguration section */

/* Begin XCConfigurationList section */
		42294C6C1942C38E00A82F01 /* Build configuration list for PBXProject "Horoscope_Swift" */ = {
			isa = XCConfigurationList;
			buildConfigurations = (
				42294C8B1942C38F00A82F01 /* Debug */,
				42294C8C1942C38F00A82F01 /* Release */,
			);
			defaultConfigurationIsVisible = 0;
			defaultConfigurationName = Release;
		};
		42294C8D1942C38F00A82F01 /* Build configuration list for PBXNativeTarget "Horoscope_Swift" */ = {
			isa = XCConfigurationList;
			buildConfigurations = (
				42294C8E1942C38F00A82F01 /* Debug */,
				42294C8F1942C38F00A82F01 /* Release */,
			);
			defaultConfigurationIsVisible = 0;
			defaultConfigurationName = Release;
		};
		42294C901942C38F00A82F01 /* Build configuration list for PBXNativeTarget "Horoscope_SwiftTests" */ = {
			isa = XCConfigurationList;
			buildConfigurations = (
				42294C911942C38F00A82F01 /* Debug */,
				42294C921942C38F00A82F01 /* Release */,
			);
			defaultConfigurationIsVisible = 0;
			defaultConfigurationName = Release;
		};
/* End XCConfigurationList section */
	};
	rootObject = 42294C691942C38E00A82F01 /* Project object */;
}
